
Microsoft Visual Studio Solution File, Format Version 12.00
# Visual Studio Version 17
VisualStudioVersion = 17.10.35013.160
MinimumVisualStudioVersion = 10.0.40219.1
Project("{FAE04EC0-301F-11D3-BF4B-00C04F79EFBC}") = "samplemonegam", "samplemonegam\samplemonegam.csproj", "{EEF4B014-7A40-4DED-A9AC-FB38DBD6407C}"
EndProject
Global
	GlobalSection(SolutionConfigurationPlatforms) = preSolution
		Debug|Any CPU = Debug|Any CPU
		Release|Any CPU = Release|Any CPU
	EndGlobalSection
	GlobalSection(ProjectConfigurationPlatforms) = postSolution
		{EEF4B014-7A40-4DED-A9AC-FB38DBD6407C}.Debug|Any CPU.ActiveCfg = Debug|Any CPU
		{EEF4B014-7A40-4DED-A9AC-FB38DBD6407C}.Debug|Any CPU.Build.0 = Debug|Any CPU
		{EEF4B014-7A40-4DED-A9AC-FB38DBD6407C}.Release|Any CPU.ActiveCfg = Release|Any CPU
		{EEF4B014-7A40-4DED-A9AC-FB38DBD6407C}.Release|Any CPU.Build.0 = Release|Any CPU
	EndGlobalSection
	GlobalSection(SolutionProperties) = preSolution
		HideSolutionNode = FALSE
	EndGlobalSection
	GlobalSection(ExtensibilityGlobals) = postSolution
		SolutionGuid = {1E3727C4-B151-4C67-8748-CE9F1FC3F518}
	EndGlobalSection
EndGlobal
